
Microsoft Visual Studio Solution File, Format Version 12.00
# Visual Studio Version 16
VisualStudioVersion = 16.0.31410.357
MinimumVisualStudioVersion = 10.0.40219.1
Project("{9A19103F-16F7-4668-BE54-9A1E7A4F7556}") = "GetApi.Ecommerce.Api", "GetApi.Ecommerce.Api\GetApi.Ecommerce.Api.csproj", "{4455B1D8-3F20-48A7-8B71-ADB074A7C295}"
EndProject
Project("{2150E333-8FDC-42A3-9474-1A3956D46DE8}") = "assets", "assets", "{E79579E2-1905-47E8-AEAD-B3CCA6ECA6AB}"
EndProject
Project("{2150E333-8FDC-42A3-9474-1A3956D46DE8}") = "docker", "docker", "{FB90AA73-3E16-4F1C-90FD-4F6082ECC8F5}"
	ProjectSection(SolutionItems) = preProject
		GetApi.Ecommerce.Api\Dockerfile = GetApi.Ecommerce.Api\Dockerfile
	EndProjectSection
EndProject
Global
	GlobalSection(SolutionConfigurationPlatforms) = preSolution
		Debug|Any CPU = Debug|Any CPU
		Release|Any CPU = Release|Any CPU
	EndGlobalSection
	GlobalSection(ProjectConfigurationPlatforms) = postSolution
		{4455B1D8-3F20-48A7-8B71-ADB074A7C295}.Debug|Any CPU.ActiveCfg = Debug|Any CPU
		{4455B1D8-3F20-48A7-8B71-ADB074A7C295}.Debug|Any CPU.Build.0 = Debug|Any CPU
		{4455B1D8-3F20-48A7-8B71-ADB074A7C295}.Release|Any CPU.ActiveCfg = Release|Any CPU
		{4455B1D8-3F20-48A7-8B71-ADB074A7C295}.Release|Any CPU.Build.0 = Release|Any CPU
	EndGlobalSection
	GlobalSection(SolutionProperties) = preSolution
		HideSolutionNode = FALSE
	EndGlobalSection
	GlobalSection(NestedProjects) = preSolution
		{FB90AA73-3E16-4F1C-90FD-4F6082ECC8F5} = {E79579E2-1905-47E8-AEAD-B3CCA6ECA6AB}
	EndGlobalSection
	GlobalSection(ExtensibilityGlobals) = postSolution
		SolutionGuid = {AA373331-D014-4FF4-AF64-7F5262BE5FC2}
	EndGlobalSection
EndGlobal
